
Microsoft Visual Studio Solution File, Format Version 12.00
# Visual Studio Version 17
VisualStudioVersion = 17.5.33414.496
MinimumVisualStudioVersion = 10.0.40219.1
Project("{8BC9CEB8-8B4A-11D0-8D11-00A0C91BC942}") = "ConsoleApplication1", "ConsoleApplication1\ConsoleApplication1.vcxproj", "{EA656891-B833-45B4-8F59-94F9CD640A9F}"
EndProject
Global
	GlobalSection(SolutionConfigurationPlatforms) = preSolution
		Debug|x64 = Debug|x64
		Debug|x86 = Debug|x86
		Release|x64 = Release|x64
		Release|x86 = Release|x86
	EndGlobalSection
	GlobalSection(ProjectConfigurationPlatforms) = postSolution
		{EA656891-B833-45B4-8F59-94F9CD640A9F}.Debug|x64.ActiveCfg = Debug|x64
		{EA656891-B833-45B4-8F59-94F9CD640A9F}.Debug|x64.Build.0 = Debug|x64
		{EA656891-B833-45B4-8F59-94F9CD640A9F}.Debug|x86.ActiveCfg = Debug|Win32
		{EA656891-B833-45B4-8F59-94F9CD640A9F}.Debug|x86.Build.0 = Debug|Win32
		{EA656891-B833-45B4-8F59-94F9CD640A9F}.Release|x64.ActiveCfg = Release|x64
		{EA656891-B833-45B4-8F59-94F9CD640A9F}.Release|x64.Build.0 = Release|x64
		{EA656891-B833-45B4-8F59-94F9CD640A9F}.Release|x86.ActiveCfg = Release|Win32
		{EA656891-B833-45B4-8F59-94F9CD640A9F}.Release|x86.Build.0 = Release|Win32
	EndGlobalSection
	GlobalSection(SolutionProperties) = preSolution
		HideSolutionNode = FALSE
	EndGlobalSection
	GlobalSection(ExtensibilityGlobals) = postSolution
		SolutionGuid = {BA2F9DC7-E10E-4099-AB04-567D82CE5A41}
	EndGlobalSection
EndGlobal
