
Microsoft Visual Studio Solution File, Format Version 12.00
# Visual Studio Version 17
VisualStudioVersion = 17.4.33205.214
MinimumVisualStudioVersion = 10.0.40219.1
Project("{8BC9CEB8-8B4A-11D0-8D11-00A0C91BC942}") = "ConsoleApplication2", "ConsoleApplication2\ConsoleApplication2.vcxproj", "{4BABD502-720A-4F8E-9A05-7A1B6BDB7F71}"
EndProject
Global
	GlobalSection(SolutionConfigurationPlatforms) = preSolution
		Debug|x64 = Debug|x64
		Debug|x86 = Debug|x86
		Release|x64 = Release|x64
		Release|x86 = Release|x86
	EndGlobalSection
	GlobalSection(ProjectConfigurationPlatforms) = postSolution
		{4BABD502-720A-4F8E-9A05-7A1B6BDB7F71}.Debug|x64.ActiveCfg = Debug|x64
		{4BABD502-720A-4F8E-9A05-7A1B6BDB7F71}.Debug|x64.Build.0 = Debug|x64
		{4BABD502-720A-4F8E-9A05-7A1B6BDB7F71}.Debug|x86.ActiveCfg = Debug|Win32
		{4BABD502-720A-4F8E-9A05-7A1B6BDB7F71}.Debug|x86.Build.0 = Debug|Win32
		{4BABD502-720A-4F8E-9A05-7A1B6BDB7F71}.Release|x64.ActiveCfg = Release|x64
		{4BABD502-720A-4F8E-9A05-7A1B6BDB7F71}.Release|x64.Build.0 = Release|x64
		{4BABD502-720A-4F8E-9A05-7A1B6BDB7F71}.Release|x86.ActiveCfg = Release|Win32
		{4BABD502-720A-4F8E-9A05-7A1B6BDB7F71}.Release|x86.Build.0 = Release|Win32
	EndGlobalSection
	GlobalSection(SolutionProperties) = preSolution
		HideSolutionNode = FALSE
	EndGlobalSection
	GlobalSection(ExtensibilityGlobals) = postSolution
		SolutionGuid = {21DE71B5-AF81-41D9-8042-65D6C5ABBD4F}
	EndGlobalSection
EndGlobal
