
Microsoft Visual Studio Solution File, Format Version 12.00
# Visual Studio Version 17
VisualStudioVersion = 17.4.33205.214
MinimumVisualStudioVersion = 10.0.40219.1
Project("{8BC9CEB8-8B4A-11D0-8D11-00A0C91BC942}") = "ConsoleApplication2", "ConsoleApplication2\ConsoleApplication2.vcxproj", "{BC3F607F-5B7B-44FF-BBD0-0A94927703B0}"
EndProject
Global
	GlobalSection(SolutionConfigurationPlatforms) = preSolution
		Debug|x64 = Debug|x64
		Debug|x86 = Debug|x86
		Release|x64 = Release|x64
		Release|x86 = Release|x86
	EndGlobalSection
	GlobalSection(ProjectConfigurationPlatforms) = postSolution
		{BC3F607F-5B7B-44FF-BBD0-0A94927703B0}.Debug|x64.ActiveCfg = Debug|x64
		{BC3F607F-5B7B-44FF-BBD0-0A94927703B0}.Debug|x64.Build.0 = Debug|x64
		{BC3F607F-5B7B-44FF-BBD0-0A94927703B0}.Debug|x86.ActiveCfg = Debug|Win32
		{BC3F607F-5B7B-44FF-BBD0-0A94927703B0}.Debug|x86.Build.0 = Debug|Win32
		{BC3F607F-5B7B-44FF-BBD0-0A94927703B0}.Release|x64.ActiveCfg = Release|x64
		{BC3F607F-5B7B-44FF-BBD0-0A94927703B0}.Release|x64.Build.0 = Release|x64
		{BC3F607F-5B7B-44FF-BBD0-0A94927703B0}.Release|x86.ActiveCfg = Release|Win32
		{BC3F607F-5B7B-44FF-BBD0-0A94927703B0}.Release|x86.Build.0 = Release|Win32
	EndGlobalSection
	GlobalSection(SolutionProperties) = preSolution
		HideSolutionNode = FALSE
	EndGlobalSection
	GlobalSection(ExtensibilityGlobals) = postSolution
		SolutionGuid = {D01060FC-8839-492F-9514-8AC53F5EB6DF}
	EndGlobalSection
EndGlobal
