
Microsoft Visual Studio Solution File, Format Version 12.00
# Visual Studio Version 17
VisualStudioVersion = 17.4.33205.214
MinimumVisualStudioVersion = 10.0.40219.1
Project("{8BC9CEB8-8B4A-11D0-8D11-00A0C91BC942}") = "ConsoleApplication11", "ConsoleApplication11\ConsoleApplication11.vcxproj", "{20D0D30E-A835-419E-8EE7-DEE4B1799462}"
EndProject
Global
	GlobalSection(SolutionConfigurationPlatforms) = preSolution
		Debug|x64 = Debug|x64
		Debug|x86 = Debug|x86
		Release|x64 = Release|x64
		Release|x86 = Release|x86
	EndGlobalSection
	GlobalSection(ProjectConfigurationPlatforms) = postSolution
		{20D0D30E-A835-419E-8EE7-DEE4B1799462}.Debug|x64.ActiveCfg = Debug|x64
		{20D0D30E-A835-419E-8EE7-DEE4B1799462}.Debug|x64.Build.0 = Debug|x64
		{20D0D30E-A835-419E-8EE7-DEE4B1799462}.Debug|x86.ActiveCfg = Debug|Win32
		{20D0D30E-A835-419E-8EE7-DEE4B1799462}.Debug|x86.Build.0 = Debug|Win32
		{20D0D30E-A835-419E-8EE7-DEE4B1799462}.Release|x64.ActiveCfg = Release|x64
		{20D0D30E-A835-419E-8EE7-DEE4B1799462}.Release|x64.Build.0 = Release|x64
		{20D0D30E-A835-419E-8EE7-DEE4B1799462}.Release|x86.ActiveCfg = Release|Win32
		{20D0D30E-A835-419E-8EE7-DEE4B1799462}.Release|x86.Build.0 = Release|Win32
	EndGlobalSection
	GlobalSection(SolutionProperties) = preSolution
		HideSolutionNode = FALSE
	EndGlobalSection
	GlobalSection(ExtensibilityGlobals) = postSolution
		SolutionGuid = {A4F6BC3D-272E-4741-BFB6-53AC0035AA72}
	EndGlobalSection
EndGlobal
